
Microsoft Visual Studio Solution File, Format Version 12.00
# Visual Studio 2012
Project("{FAE04EC0-301F-11D3-BF4B-00C04F79EFBC}") = "Imamu", "TestSln\Imamu.csproj", "{826B031B-BEAD-4204-B570-2FAE000B2415}"
EndProject
Project("{FAE04EC0-301F-11D3-BF4B-00C04F79EFBC}") = "TestSln.Tests", "TestSln.Tests\TestSln.Tests.csproj", "{CC6BF034-0A3F-46ED-91B3-BE2F22B0D551}"
EndProject
Global
	GlobalSection(SolutionConfigurationPlatforms) = preSolution
		Debug|Any CPU = Debug|Any CPU
		Release|Any CPU = Release|Any CPU
	EndGlobalSection
	GlobalSection(ProjectConfigurationPlatforms) = postSolution
		{826B031B-BEAD-4204-B570-2FAE000B2415}.Debug|Any CPU.ActiveCfg = Debug|Any CPU
		{826B031B-BEAD-4204-B570-2FAE000B2415}.Debug|Any CPU.Build.0 = Debug|Any CPU
		{826B031B-BEAD-4204-B570-2FAE000B2415}.Release|Any CPU.ActiveCfg = Release|Any CPU
		{826B031B-BEAD-4204-B570-2FAE000B2415}.Release|Any CPU.Build.0 = Release|Any CPU
		{CC6BF034-0A3F-46ED-91B3-BE2F22B0D551}.Debug|Any CPU.ActiveCfg = Debug|Any CPU
		{CC6BF034-0A3F-46ED-91B3-BE2F22B0D551}.Debug|Any CPU.Build.0 = Debug|Any CPU
		{CC6BF034-0A3F-46ED-91B3-BE2F22B0D551}.Release|Any CPU.ActiveCfg = Release|Any CPU
		{CC6BF034-0A3F-46ED-91B3-BE2F22B0D551}.Release|Any CPU.Build.0 = Release|Any CPU
	EndGlobalSection
EndGlobal
