
Microsoft Visual Studio Solution File, Format Version 12.00
# Visual Studio 2012
Project("{FAE04EC0-301F-11D3-BF4B-00C04F79EFBC}") = "Imamu", "Imamu\Imamu.csproj", "{200D38BF-A25C-46AE-9E29-708E80ADA458}"
EndProject
Project("{FAE04EC0-301F-11D3-BF4B-00C04F79EFBC}") = "Imamu.Tests", "Imamu.Tests\Imamu.Tests.csproj", "{1A2B2878-12F8-405E-A4BC-1B3A81C048F1}"
EndProject
Global
	GlobalSection(SolutionConfigurationPlatforms) = preSolution
		Debug|Any CPU = Debug|Any CPU
		Release|Any CPU = Release|Any CPU
	EndGlobalSection
	GlobalSection(ProjectConfigurationPlatforms) = postSolution
		{200D38BF-A25C-46AE-9E29-708E80ADA458}.Debug|Any CPU.ActiveCfg = Debug|Any CPU
		{200D38BF-A25C-46AE-9E29-708E80ADA458}.Debug|Any CPU.Build.0 = Debug|Any CPU
		{200D38BF-A25C-46AE-9E29-708E80ADA458}.Release|Any CPU.ActiveCfg = Release|Any CPU
		{200D38BF-A25C-46AE-9E29-708E80ADA458}.Release|Any CPU.Build.0 = Release|Any CPU
		{1A2B2878-12F8-405E-A4BC-1B3A81C048F1}.Debug|Any CPU.ActiveCfg = Debug|Any CPU
		{1A2B2878-12F8-405E-A4BC-1B3A81C048F1}.Debug|Any CPU.Build.0 = Debug|Any CPU
		{1A2B2878-12F8-405E-A4BC-1B3A81C048F1}.Release|Any CPU.ActiveCfg = Release|Any CPU
		{1A2B2878-12F8-405E-A4BC-1B3A81C048F1}.Release|Any CPU.Build.0 = Release|Any CPU
	EndGlobalSection
EndGlobal
